<?xml version="1.0" encoding="utf-8"?>
<Project ToolsVersion="4.0" xmlns="http://schemas.microsoft.com/developer/msbuild/2003">
  <ItemGroup>
    <Filter Include="res">
      <UniqueIdentifier>{4FA5880B-BBAE-887C-442A-9F7CB032947C}</UniqueIdentifier>
    </Filter>
    <Filter Include="res\designer">
      <UniqueIdentifier>{0F9786B2-FBF9-1557-A47F-4E0D90C1E1D9}</UniqueIdentifier>
    </Filter>
    <Filter Include="src">
      <UniqueIdentifier>{2DAB880B-99B4-887C-2230-9F7C8E38947C}</UniqueIdentifier>
    </Filter>
    <Filter Include="src\window">
      <UniqueIdentifier>{94D77D82-808F-BFCF-E996-982BD56D5AC0}</UniqueIdentifier>
    </Filter>
  </ItemGroup>
  <ItemGroup>
    <ClInclude Include="src\gui.hpp">
      <Filter>src</Filter>
    </ClInclude>
  </ItemGroup>
  <ItemGroup>
    <ClCompile Include="..\build\intermediate\Debug-windows-x86_64\taidana-gui\moc_taida_main_window.cpp">
      <Filter>src\window</Filter>
    </ClCompile>
    <ClCompile Include="..\build\intermediate\Release-windows-x86_64\taidana-gui\moc_taida_main_window.cpp">
      <Filter>src\window</Filter>
    </ClCompile>
    <ClCompile Include="src\window\taida_main_window.cpp">
      <Filter>src\window</Filter>
    </ClCompile>
  </ItemGroup>
  <ItemGroup>
    <CustomBuild Include="..\res\designer\main_window.ui">
      <Filter>res\designer</Filter>
    </CustomBuild>
    <CustomBuild Include="src\window\taida_main_window.hpp">
      <Filter>src\window</Filter>
    </CustomBuild>
  </ItemGroup>
</Project>